github.com/miiy/goc v0.1.0 h1:74AAY90m6TYIx1ToszSlCr08FOsdMJIx5PYIRSERfys=
github.com/miiy/goc v0.1.0/go.mod h1:jg3nAOfO+mEb0AadelC73/wFHpDiDi8RiRoUV8JFjsU=
github.com/miiy/goc v0.1.1 h1:EqvcoRa/u/NnBLsIf698te2s/B7IcFszyRUQKphyWr8=
github.com/miiy/goc v0.1.1/go.mod h1:A8DqDoO02Uxxdvlkp8V84t2fTaIwgErpI/rhalk/y9Y=
